
Microsoft Visual Studio Solution File, Format Version 12.00
# Visual Studio Version 17
VisualStudioVersion = 17.8.34330.188
MinimumVisualStudioVersion = 10.0.40219.1
Project("{9A19103F-16F7-4668-BE54-9A1E7A4F7556}") = "DependencyRoomBooking", "DependencyRoomBooking.csproj", "{A5FDC5CB-87B2-4E88-A07E-39F9F1562645}"
EndProject
Global
	GlobalSection(SolutionConfigurationPlatforms) = preSolution
		Debug|Any CPU = Debug|Any CPU
		Release|Any CPU = Release|Any CPU
	EndGlobalSection
	GlobalSection(ProjectConfigurationPlatforms) = postSolution
		{A5FDC5CB-87B2-4E88-A07E-39F9F1562645}.Debug|Any CPU.ActiveCfg = Debug|Any CPU
		{A5FDC5CB-87B2-4E88-A07E-39F9F1562645}.Debug|Any CPU.Build.0 = Debug|Any CPU
		{A5FDC5CB-87B2-4E88-A07E-39F9F1562645}.Release|Any CPU.ActiveCfg = Release|Any CPU
		{A5FDC5CB-87B2-4E88-A07E-39F9F1562645}.Release|Any CPU.Build.0 = Release|Any CPU
	EndGlobalSection
	GlobalSection(SolutionProperties) = preSolution
		HideSolutionNode = FALSE
	EndGlobalSection
	GlobalSection(ExtensibilityGlobals) = postSolution
		SolutionGuid = {41068CAC-07BC-41A6-B5A7-BC07120C8F35}
	EndGlobalSection
EndGlobal
